<?xml version="1.0" encoding="utf-8"?>
<Project ToolsVersion="4.0" xmlns="http://schemas.microsoft.com/developer/msbuild/2003">
  <ItemGroup>
    <Filter Include="Source Files">
      <UniqueIdentifier>{4FC737F1-C7A5-4376-A066-2A32D752A2FF}</UniqueIdentifier>
      <Extensions>cpp;c;cc;cxx;c++;cppm;ixx;def;odl;idl;hpj;bat;asm;asmx</Extensions>
    </Filter>
    <Filter Include="Header Files">
      <UniqueIdentifier>{93995380-89BD-4b04-88EB-625FBE52EBFB}</UniqueIdentifier>
      <Extensions>h;hh;hpp;hxx;h++;hm;inl;inc;ipp;xsd</Extensions>
    </Filter>
    <Filter Include="Resource Files">
      <UniqueIdentifier>{67DA6AB6-F800-4c08-8B7A-83BB121AAD01}</UniqueIdentifier>
      <Extensions>rc;ico;cur;bmp;dlg;rc2;rct;bin;rgs;gif;jpg;jpeg;jpe;resx;tiff;tif;png;wav;mfcribbon-ms</Extensions>
    </Filter>
    <Filter Include="Source Files\study09">
      <UniqueIdentifier>{cfeb5ad8-cc13-4fda-ba6b-a24f1d8c47ea}</UniqueIdentifier>
    </Filter>
    <Filter Include="Source Files\study10">
      <UniqueIdentifier>{67d05a5f-889a-46af-88da-2a90661c7301}</UniqueIdentifier>
    </Filter>
    <Filter Include="Source Files\study11">
      <UniqueIdentifier>{3899db47-8e2f-472e-a0bc-7890869b3357}</UniqueIdentifier>
    </Filter>
    <Filter Include="Source Files\study12">
      <UniqueIdentifier>{88215678-bfe7-4ecf-ac4b-0036c94cfae5}</UniqueIdentifier>
    </Filter>
  </ItemGroup>
  <ItemGroup>
    <ClCompile Include="main.cpp">
      <Filter>Source Files</Filter>
    </ClCompile>
    <ClCompile Include="study09\study09.ixx">
      <Filter>Source Files\study09</Filter>
    </ClCompile>
    <ClCompile Include="study09\study09.cpp">
      <Filter>Source Files\study09</Filter>
    </ClCompile>
    <ClCompile Include="study09\person.cpp">
      <Filter>Source Files\study09</Filter>
    </ClCompile>
    <ClCompile Include="study09\person.ixx">
      <Filter>Source Files\study09</Filter>
    </ClCompile>
    <ClCompile Include="study09\spreadsheet_cell.ixx">
      <Filter>Source Files\study09</Filter>
    </ClCompile>
    <ClCompile Include="study09\spreadsheet_cell.cpp">
      <Filter>Source Files\study09</Filter>
    </ClCompile>
    <ClCompile Include="study09\spreadsheet.ixx">
      <Filter>Source Files\study09</Filter>
    </ClCompile>
    <ClCompile Include="study09\spreadsheet.cpp">
      <Filter>Source Files\study09</Filter>
    </ClCompile>
    <ClCompile Include="study10\study10.ixx">
      <Filter>Source Files\study10</Filter>
    </ClCompile>
    <ClCompile Include="study10\study10.cpp">
      <Filter>Source Files\study10</Filter>
    </ClCompile>
    <ClCompile Include="study10\my_weather_prediction.ixx">
      <Filter>Source Files\study10</Filter>
    </ClCompile>
    <ClCompile Include="study10\weather_prediction.ixx">
      <Filter>Source Files\study10</Filter>
    </ClCompile>
    <ClCompile Include="study10\person02.ixx">
      <Filter>Source Files\study10</Filter>
    </ClCompile>
    <ClCompile Include="study10\person02.cpp">
      <Filter>Source Files\study10</Filter>
    </ClCompile>
    <ClCompile Include="study11\person03.ixx">
      <Filter>Source Files\study11</Filter>
    </ClCompile>
    <ClCompile Include="study11\person03.cpp">
      <Filter>Source Files\study11</Filter>
    </ClCompile>
    <ClCompile Include="study11\datamodel.ixx">
      <Filter>Source Files\study11</Filter>
    </ClCompile>
    <ClCompile Include="study11\datamodel.person.ixx">
      <Filter>Source Files\study11</Filter>
    </ClCompile>
    <ClCompile Include="study11\datamodel.address.ixx">
      <Filter>Source Files\study11</Filter>
    </ClCompile>
    <ClCompile Include="study11\datamodel.address.cpp">
      <Filter>Source Files\study11</Filter>
    </ClCompile>
    <ClCompile Include="study11\math01.ixx">
      <Filter>Source Files\study11</Filter>
    </ClCompile>
    <ClCompile Include="study11\math01_helpers.cpp">
      <Filter>Source Files\study11</Filter>
    </ClCompile>
    <ClCompile Include="study11\math01.cpp">
      <Filter>Source Files\study11</Filter>
    </ClCompile>
    <ClCompile Include="study11\math01_helpers.ixx">
      <Filter>Source Files\study11</Filter>
    </ClCompile>
    <ClCompile Include="study11\study11.cpp">
      <Filter>Source Files\study11</Filter>
    </ClCompile>
    <ClCompile Include="study11\study11.ixx">
      <Filter>Source Files\study11</Filter>
    </ClCompile>
    <ClCompile Include="study11\FirstFile.cpp">
      <Filter>Source Files\study11</Filter>
    </ClCompile>
    <ClCompile Include="study11\AnotherFile.cpp">
      <Filter>Source Files\study11</Filter>
    </ClCompile>
    <ClCompile Include="study11\simulator01.ixx">
      <Filter>Source Files\study11</Filter>
    </ClCompile>
    <ClCompile Include="study11\simulator01_car.ixx">
      <Filter>Source Files\study11</Filter>
    </ClCompile>
    <ClCompile Include="study11\simulator01_bike.ixx">
      <Filter>Source Files\study11</Filter>
    </ClCompile>
    <ClCompile Include="study11\simulator01_internal.ixx">
      <Filter>Source Files\study11</Filter>
    </ClCompile>
    <ClCompile Include="study11\simulator01_car.cpp">
      <Filter>Source Files\study11</Filter>
    </ClCompile>
    <ClCompile Include="study12\study12.ixx">
      <Filter>Source Files\study12</Filter>
    </ClCompile>
    <ClCompile Include="study12\study12.cpp">
      <Filter>Source Files\study12</Filter>
    </ClCompile>
    <ClCompile Include="study12\game_piece01.ixx">
      <Filter>Source Files\study12</Filter>
    </ClCompile>
    <ClCompile Include="study12\game_board01.ixx">
      <Filter>Source Files</Filter>
    </ClCompile>
  </ItemGroup>
  <ItemGroup>
    <ClInclude Include="study11\FirstFile.h">
      <Filter>Source Files\study11</Filter>
    </ClInclude>
    <ClInclude Include="study11\AnotherFile.h">
      <Filter>Source Files\study11</Filter>
    </ClInclude>
  </ItemGroup>
</Project>